
Microsoft Visual Studio Solution File, Format Version 12.00
# Visual Studio Version 17
VisualStudioVersion = 17.2.32616.157
MinimumVisualStudioVersion = 10.0.40219.1
Project("{8BC9CEB8-8B4A-11D0-8D11-00A0C91BC942}") = "2_1", "2_1\2_1.vcxproj", "{7020145E-8567-46FB-9E16-772EE2C55F3C}"
EndProject
Project("{8BC9CEB8-8B4A-11D0-8D11-00A0C91BC942}") = "2_2", "2_2\2_2.vcxproj", "{F494B71B-EC2C-4F53-A19C-484EDBD5F145}"
EndProject
Project("{8BC9CEB8-8B4A-11D0-8D11-00A0C91BC942}") = "2_3", "2_3\2_3.vcxproj", "{C1F41D55-7E46-4757-BB27-BF06C0D153D6}"
EndProject
Project("{8BC9CEB8-8B4A-11D0-8D11-00A0C91BC942}") = "2_5", "2_4\2_4.vcxproj", "{486433BC-B1B6-4802-A020-FCA0DDA70FE5}"
EndProject
Project("{8BC9CEB8-8B4A-11D0-8D11-00A0C91BC942}") = "2_6", "2_6\2_6.vcxproj", "{4FB5C885-BCC1-4DF0-94D1-A2C0D9E3A76C}"
EndProject
Project("{8BC9CEB8-8B4A-11D0-8D11-00A0C91BC942}") = "2_7", "2_7\2_7.vcxproj", "{0B578AB3-7458-487D-99B7-A4DAB1FF2DDC}"
EndProject
Project("{8BC9CEB8-8B4A-11D0-8D11-00A0C91BC942}") = "2_9", "2_8\2_8.vcxproj", "{E3F1CF61-3E34-4E96-AB4E-DDFE1034DF5A}"
EndProject
Project("{8BC9CEB8-8B4A-11D0-8D11-00A0C91BC942}") = "3_1", "3_1\3_1.vcxproj", "{236D1E17-8DF7-4E53-A0EA-F8DEF1357270}"
EndProject
Project("{8BC9CEB8-8B4A-11D0-8D11-00A0C91BC942}") = "3_4", "3_2\3_2.vcxproj", "{C083C1D6-78B2-4874-BA7C-8C57518159A2}"
EndProject
Project("{8BC9CEB8-8B4A-11D0-8D11-00A0C91BC942}") = "3_5", "3_5\3_5.vcxproj", "{AE59ECB8-98B6-43D1-A92D-94876591A3F5}"
EndProject
Project("{8BC9CEB8-8B4A-11D0-8D11-00A0C91BC942}") = "3_8", "3_6\3_6.vcxproj", "{EEAA98A1-40EC-4322-904B-5DF17EABE996}"
EndProject
Project("{8BC9CEB8-8B4A-11D0-8D11-00A0C91BC942}") = "3_9", "3_9\3_9.vcxproj", "{CFFD955E-051D-4EA4-B30C-D0449AC5AAF4}"
EndProject
Project("{8BC9CEB8-8B4A-11D0-8D11-00A0C91BC942}") = "3_9연습문제", "3_9연습문제\3_9연습문제.vcxproj", "{AE353F3F-63BA-43D2-A7BC-533CC986F2AA}"
EndProject
Project("{8BC9CEB8-8B4A-11D0-8D11-00A0C91BC942}") = "4_1", "4_1\4_1.vcxproj", "{E2251DA1-C3C8-48A0-8B47-1D5D00FD4F86}"
EndProject
Project("{8BC9CEB8-8B4A-11D0-8D11-00A0C91BC942}") = "4_6", "4_2\4_2.vcxproj", "{FCE0D529-C2EA-483F-A67B-7B98AB460D9C}"
EndProject
Project("{8BC9CEB8-8B4A-11D0-8D11-00A0C91BC942}") = "4_7", "4_7\4_7.vcxproj", "{410166A4-BBB6-4239-A175-2D3D862031CA}"
EndProject
Project("{8BC9CEB8-8B4A-11D0-8D11-00A0C91BC942}") = "4_8, 4_9", "4_8\4_8.vcxproj", "{4197581C-68AD-4793-952F-7E6B98EA9835}"
EndProject
Project("{8BC9CEB8-8B4A-11D0-8D11-00A0C91BC942}") = "4_10", "4_10\4_10.vcxproj", "{72254D9E-594A-4B6D-99C7-FE837E4A57BF}"
EndProject
Project("{8BC9CEB8-8B4A-11D0-8D11-00A0C91BC942}") = "5_9(난수 만들기)", "5_9(난수 만들기)\5_9(난수 만들기).vcxproj", "{8C63AAA7-B5B8-4320-B45C-608A82E36C3C}"
EndProject
Project("{8BC9CEB8-8B4A-11D0-8D11-00A0C91BC942}") = "5_10(cin)", "5_10(cin)\5_10(cin).vcxproj", "{475A1F37-EF6A-49E1-A10E-5F0A03B4D316}"
EndProject
Project("{8BC9CEB8-8B4A-11D0-8D11-00A0C91BC942}") = "6_14(참조)", "6_14(참조)\6_14(참조).vcxproj", "{6551B68B-D60B-4CF2-86E0-A129ACB20045}"
EndProject
Project("{8BC9CEB8-8B4A-11D0-8D11-00A0C91BC942}") = "6_16(포인터와 참조 멤버선택)", "6_16(포인터와 참조 멤버선택)\6_16(포인터와 참조 멤버선택).vcxproj", "{432E9E61-DFCA-4162-AFA6-15FEFF2A0870}"
EndProject
Project("{8BC9CEB8-8B4A-11D0-8D11-00A0C91BC942}") = "6_17(for-each)", "6_17(for-each)\6_17(for-each).vcxproj", "{0B6B9391-5818-45EC-BD72-29304EE24958}"
EndProject
Project("{8BC9CEB8-8B4A-11D0-8D11-00A0C91BC942}") = "6_18(void포인터)", "6_18(vector)\6_18(vector).vcxproj", "{A6D15896-925C-4A7D-B33B-D57162148064}"
EndProject
Project("{8BC9CEB8-8B4A-11D0-8D11-00A0C91BC942}") = "6_20(array)", "6_20(array)\6_20(array).vcxproj", "{27D90D71-A449-4681-8BFF-4CFA11691D5D}"
EndProject
Project("{8BC9CEB8-8B4A-11D0-8D11-00A0C91BC942}") = "6_21(vector)", "6_21(vector)\6_21(vector).vcxproj", "{59296527-55A1-4F5A-8FC1-9631EAB149C2}"
EndProject
Project("{8BC9CEB8-8B4A-11D0-8D11-00A0C91BC942}") = "7_5(tuple)", "7_2(값에 의한 전달)\7_2(값에 의한 전달).vcxproj", "{3B832956-B860-4728-8399-E8194D1DA465}"
EndProject
Project("{8BC9CEB8-8B4A-11D0-8D11-00A0C91BC942}") = "7_6(inline)", "7_6(inline)\7_6(inline).vcxproj", "{75EE2C4F-344E-469D-A694-82FC739CF112}"
EndProject
Project("{8BC9CEB8-8B4A-11D0-8D11-00A0C91BC942}") = "7_7(오버로딩)", "7_7(오버로딩)\7_7(오버로딩).vcxproj", "{CD6F2AA6-1707-45E7-AA7D-FFED69ABDEC4}"
EndProject
Project("{8BC9CEB8-8B4A-11D0-8D11-00A0C91BC942}") = "7_9(함수 포인터)", "7_9(함수 포인터)\7_9(함수 포인터).vcxproj", "{350AD435-CB8E-4094-BA81-27376EB35BF7}"
EndProject
Project("{8BC9CEB8-8B4A-11D0-8D11-00A0C91BC942}") = "7_11(stack vec)", "7_10(stack,heap)\7_10(stack,heap).vcxproj", "{08E1B1DA-0DF2-4ABB-AFD3-D69C2BF8CD59}"
EndProject
Project("{8BC9CEB8-8B4A-11D0-8D11-00A0C91BC942}") = "7_12", "7_12\7_12.vcxproj", "{49478ACB-7CE8-4E8D-B2D3-673A3CA22FD4}"
EndProject
Project("{8BC9CEB8-8B4A-11D0-8D11-00A0C91BC942}") = "1_1", "1_1\Project2.vcxproj", "{50E35F47-EB8C-4790-997A-E43023DECCAC}"
EndProject
Global
	GlobalSection(SolutionConfigurationPlatforms) = preSolution
		Debug|x64 = Debug|x64
		Debug|x86 = Debug|x86
		Release|x64 = Release|x64
		Release|x86 = Release|x86
	EndGlobalSection
	GlobalSection(ProjectConfigurationPlatforms) = postSolution
		{7020145E-8567-46FB-9E16-772EE2C55F3C}.Debug|x64.ActiveCfg = Debug|x64
		{7020145E-8567-46FB-9E16-772EE2C55F3C}.Debug|x64.Build.0 = Debug|x64
		{7020145E-8567-46FB-9E16-772EE2C55F3C}.Debug|x86.ActiveCfg = Debug|Win32
		{7020145E-8567-46FB-9E16-772EE2C55F3C}.Debug|x86.Build.0 = Debug|Win32
		{7020145E-8567-46FB-9E16-772EE2C55F3C}.Release|x64.ActiveCfg = Release|x64
		{7020145E-8567-46FB-9E16-772EE2C55F3C}.Release|x64.Build.0 = Release|x64
		{7020145E-8567-46FB-9E16-772EE2C55F3C}.Release|x86.ActiveCfg = Release|Win32
		{7020145E-8567-46FB-9E16-772EE2C55F3C}.Release|x86.Build.0 = Release|Win32
		{F494B71B-EC2C-4F53-A19C-484EDBD5F145}.Debug|x64.ActiveCfg = Debug|x64
		{F494B71B-EC2C-4F53-A19C-484EDBD5F145}.Debug|x64.Build.0 = Debug|x64
		{F494B71B-EC2C-4F53-A19C-484EDBD5F145}.Debug|x86.ActiveCfg = Debug|Win32
		{F494B71B-EC2C-4F53-A19C-484EDBD5F145}.Debug|x86.Build.0 = Debug|Win32
		{F494B71B-EC2C-4F53-A19C-484EDBD5F145}.Release|x64.ActiveCfg = Release|x64
		{F494B71B-EC2C-4F53-A19C-484EDBD5F145}.Release|x64.Build.0 = Release|x64
		{F494B71B-EC2C-4F53-A19C-484EDBD5F145}.Release|x86.ActiveCfg = Release|Win32
		{F494B71B-EC2C-4F53-A19C-484EDBD5F145}.Release|x86.Build.0 = Release|Win32
		{C1F41D55-7E46-4757-BB27-BF06C0D153D6}.Debug|x64.ActiveCfg = Debug|x64
		{C1F41D55-7E46-4757-BB27-BF06C0D153D6}.Debug|x64.Build.0 = Debug|x64
		{C1F41D55-7E46-4757-BB27-BF06C0D153D6}.Debug|x86.ActiveCfg = Debug|Win32
		{C1F41D55-7E46-4757-BB27-BF06C0D153D6}.Debug|x86.Build.0 = Debug|Win32
		{C1F41D55-7E46-4757-BB27-BF06C0D153D6}.Release|x64.ActiveCfg = Release|x64
		{C1F41D55-7E46-4757-BB27-BF06C0D153D6}.Release|x64.Build.0 = Release|x64
		{C1F41D55-7E46-4757-BB27-BF06C0D153D6}.Release|x86.ActiveCfg = Release|Win32
		{C1F41D55-7E46-4757-BB27-BF06C0D153D6}.Release|x86.Build.0 = Release|Win32
		{486433BC-B1B6-4802-A020-FCA0DDA70FE5}.Debug|x64.ActiveCfg = Debug|x64
		{486433BC-B1B6-4802-A020-FCA0DDA70FE5}.Debug|x64.Build.0 = Debug|x64
		{486433BC-B1B6-4802-A020-FCA0DDA70FE5}.Debug|x86.ActiveCfg = Debug|Win32
		{486433BC-B1B6-4802-A020-FCA0DDA70FE5}.Debug|x86.Build.0 = Debug|Win32
		{486433BC-B1B6-4802-A020-FCA0DDA70FE5}.Release|x64.ActiveCfg = Release|x64
		{486433BC-B1B6-4802-A020-FCA0DDA70FE5}.Release|x64.Build.0 = Release|x64
		{486433BC-B1B6-4802-A020-FCA0DDA70FE5}.Release|x86.ActiveCfg = Release|Win32
		{486433BC-B1B6-4802-A020-FCA0DDA70FE5}.Release|x86.Build.0 = Release|Win32
		{4FB5C885-BCC1-4DF0-94D1-A2C0D9E3A76C}.Debug|x64.ActiveCfg = Debug|x64
		{4FB5C885-BCC1-4DF0-94D1-A2C0D9E3A76C}.Debug|x64.Build.0 = Debug|x64
		{4FB5C885-BCC1-4DF0-94D1-A2C0D9E3A76C}.Debug|x86.ActiveCfg = Debug|Win32
		{4FB5C885-BCC1-4DF0-94D1-A2C0D9E3A76C}.Debug|x86.Build.0 = Debug|Win32
		{4FB5C885-BCC1-4DF0-94D1-A2C0D9E3A76C}.Release|x64.ActiveCfg = Release|x64
		{4FB5C885-BCC1-4DF0-94D1-A2C0D9E3A76C}.Release|x64.Build.0 = Release|x64
		{4FB5C885-BCC1-4DF0-94D1-A2C0D9E3A76C}.Release|x86.ActiveCfg = Release|Win32
		{4FB5C885-BCC1-4DF0-94D1-A2C0D9E3A76C}.Release|x86.Build.0 = Release|Win32
		{0B578AB3-7458-487D-99B7-A4DAB1FF2DDC}.Debug|x64.ActiveCfg = Debug|x64
		{0B578AB3-7458-487D-99B7-A4DAB1FF2DDC}.Debug|x64.Build.0 = Debug|x64
		{0B578AB3-7458-487D-99B7-A4DAB1FF2DDC}.Debug|x86.ActiveCfg = Debug|Win32
		{0B578AB3-7458-487D-99B7-A4DAB1FF2DDC}.Debug|x86.Build.0 = Debug|Win32
		{0B578AB3-7458-487D-99B7-A4DAB1FF2DDC}.Release|x64.ActiveCfg = Release|x64
		{0B578AB3-7458-487D-99B7-A4DAB1FF2DDC}.Release|x64.Build.0 = Release|x64
		{0B578AB3-7458-487D-99B7-A4DAB1FF2DDC}.Release|x86.ActiveCfg = Release|Win32
		{0B578AB3-7458-487D-99B7-A4DAB1FF2DDC}.Release|x86.Build.0 = Release|Win32
		{E3F1CF61-3E34-4E96-AB4E-DDFE1034DF5A}.Debug|x64.ActiveCfg = Debug|x64
		{E3F1CF61-3E34-4E96-AB4E-DDFE1034DF5A}.Debug|x64.Build.0 = Debug|x64
		{E3F1CF61-3E34-4E96-AB4E-DDFE1034DF5A}.Debug|x86.ActiveCfg = Debug|Win32
		{E3F1CF61-3E34-4E96-AB4E-DDFE1034DF5A}.Debug|x86.Build.0 = Debug|Win32
		{E3F1CF61-3E34-4E96-AB4E-DDFE1034DF5A}.Release|x64.ActiveCfg = Release|x64
		{E3F1CF61-3E34-4E96-AB4E-DDFE1034DF5A}.Release|x64.Build.0 = Release|x64
		{E3F1CF61-3E34-4E96-AB4E-DDFE1034DF5A}.Release|x86.ActiveCfg = Release|Win32
		{E3F1CF61-3E34-4E96-AB4E-DDFE1034DF5A}.Release|x86.Build.0 = Release|Win32
		{236D1E17-8DF7-4E53-A0EA-F8DEF1357270}.Debug|x64.ActiveCfg = Debug|x64
		{236D1E17-8DF7-4E53-A0EA-F8DEF1357270}.Debug|x64.Build.0 = Debug|x64
		{236D1E17-8DF7-4E53-A0EA-F8DEF1357270}.Debug|x86.ActiveCfg = Debug|Win32
		{236D1E17-8DF7-4E53-A0EA-F8DEF1357270}.Debug|x86.Build.0 = Debug|Win32
		{236D1E17-8DF7-4E53-A0EA-F8DEF1357270}.Release|x64.ActiveCfg = Release|x64
		{236D1E17-8DF7-4E53-A0EA-F8DEF1357270}.Release|x64.Build.0 = Release|x64
		{236D1E17-8DF7-4E53-A0EA-F8DEF1357270}.Release|x86.ActiveCfg = Release|Win32
		{236D1E17-8DF7-4E53-A0EA-F8DEF1357270}.Release|x86.Build.0 = Release|Win32
		{C083C1D6-78B2-4874-BA7C-8C57518159A2}.Debug|x64.ActiveCfg = Debug|x64
		{C083C1D6-78B2-4874-BA7C-8C57518159A2}.Debug|x64.Build.0 = Debug|x64
		{C083C1D6-78B2-4874-BA7C-8C57518159A2}.Debug|x86.ActiveCfg = Debug|Win32
		{C083C1D6-78B2-4874-BA7C-8C57518159A2}.Debug|x86.Build.0 = Debug|Win32
		{C083C1D6-78B2-4874-BA7C-8C57518159A2}.Release|x64.ActiveCfg = Release|x64
		{C083C1D6-78B2-4874-BA7C-8C57518159A2}.Release|x64.Build.0 = Release|x64
		{C083C1D6-78B2-4874-BA7C-8C57518159A2}.Release|x86.ActiveCfg = Release|Win32
		{C083C1D6-78B2-4874-BA7C-8C57518159A2}.Release|x86.Build.0 = Release|Win32
		{AE59ECB8-98B6-43D1-A92D-94876591A3F5}.Debug|x64.ActiveCfg = Debug|x64
		{AE59ECB8-98B6-43D1-A92D-94876591A3F5}.Debug|x64.Build.0 = Debug|x64
		{AE59ECB8-98B6-43D1-A92D-94876591A3F5}.Debug|x86.ActiveCfg = Debug|Win32
		{AE59ECB8-98B6-43D1-A92D-94876591A3F5}.Debug|x86.Build.0 = Debug|Win32
		{AE59ECB8-98B6-43D1-A92D-94876591A3F5}.Release|x64.ActiveCfg = Release|x64
		{AE59ECB8-98B6-43D1-A92D-94876591A3F5}.Release|x64.Build.0 = Release|x64
		{AE59ECB8-98B6-43D1-A92D-94876591A3F5}.Release|x86.ActiveCfg = Release|Win32
		{AE59ECB8-98B6-43D1-A92D-94876591A3F5}.Release|x86.Build.0 = Release|Win32
		{EEAA98A1-40EC-4322-904B-5DF17EABE996}.Debug|x64.ActiveCfg = Debug|x64
		{EEAA98A1-40EC-4322-904B-5DF17EABE996}.Debug|x64.Build.0 = Debug|x64
		{EEAA98A1-40EC-4322-904B-5DF17EABE996}.Debug|x86.ActiveCfg = Debug|Win32
		{EEAA98A1-40EC-4322-904B-5DF17EABE996}.Debug|x86.Build.0 = Debug|Win32
		{EEAA98A1-40EC-4322-904B-5DF17EABE996}.Release|x64.ActiveCfg = Release|x64
		{EEAA98A1-40EC-4322-904B-5DF17EABE996}.Release|x64.Build.0 = Release|x64
		{EEAA98A1-40EC-4322-904B-5DF17EABE996}.Release|x86.ActiveCfg = Release|Win32
		{EEAA98A1-40EC-4322-904B-5DF17EABE996}.Release|x86.Build.0 = Release|Win32
		{CFFD955E-051D-4EA4-B30C-D0449AC5AAF4}.Debug|x64.ActiveCfg = Debug|x64
		{CFFD955E-051D-4EA4-B30C-D0449AC5AAF4}.Debug|x64.Build.0 = Debug|x64
		{CFFD955E-051D-4EA4-B30C-D0449AC5AAF4}.Debug|x86.ActiveCfg = Debug|Win32
		{CFFD955E-051D-4EA4-B30C-D0449AC5AAF4}.Debug|x86.Build.0 = Debug|Win32
		{CFFD955E-051D-4EA4-B30C-D0449AC5AAF4}.Release|x64.ActiveCfg = Release|x64
		{CFFD955E-051D-4EA4-B30C-D0449AC5AAF4}.Release|x64.Build.0 = Release|x64
		{CFFD955E-051D-4EA4-B30C-D0449AC5AAF4}.Release|x86.ActiveCfg = Release|Win32
		{CFFD955E-051D-4EA4-B30C-D0449AC5AAF4}.Release|x86.Build.0 = Release|Win32
		{AE353F3F-63BA-43D2-A7BC-533CC986F2AA}.Debug|x64.ActiveCfg = Debug|x64
		{AE353F3F-63BA-43D2-A7BC-533CC986F2AA}.Debug|x64.Build.0 = Debug|x64
		{AE353F3F-63BA-43D2-A7BC-533CC986F2AA}.Debug|x86.ActiveCfg = Debug|Win32
		{AE353F3F-63BA-43D2-A7BC-533CC986F2AA}.Debug|x86.Build.0 = Debug|Win32
		{AE353F3F-63BA-43D2-A7BC-533CC986F2AA}.Release|x64.ActiveCfg = Release|x64
		{AE353F3F-63BA-43D2-A7BC-533CC986F2AA}.Release|x64.Build.0 = Release|x64
		{AE353F3F-63BA-43D2-A7BC-533CC986F2AA}.Release|x86.ActiveCfg = Release|Win32
		{AE353F3F-63BA-43D2-A7BC-533CC986F2AA}.Release|x86.Build.0 = Release|Win32
		{E2251DA1-C3C8-48A0-8B47-1D5D00FD4F86}.Debug|x64.ActiveCfg = Debug|x64
		{E2251DA1-C3C8-48A0-8B47-1D5D00FD4F86}.Debug|x64.Build.0 = Debug|x64
		{E2251DA1-C3C8-48A0-8B47-1D5D00FD4F86}.Debug|x86.ActiveCfg = Debug|Win32
		{E2251DA1-C3C8-48A0-8B47-1D5D00FD4F86}.Debug|x86.Build.0 = Debug|Win32
		{E2251DA1-C3C8-48A0-8B47-1D5D00FD4F86}.Release|x64.ActiveCfg = Release|x64
		{E2251DA1-C3C8-48A0-8B47-1D5D00FD4F86}.Release|x64.Build.0 = Release|x64
		{E2251DA1-C3C8-48A0-8B47-1D5D00FD4F86}.Release|x86.ActiveCfg = Release|Win32
		{E2251DA1-C3C8-48A0-8B47-1D5D00FD4F86}.Release|x86.Build.0 = Release|Win32
		{FCE0D529-C2EA-483F-A67B-7B98AB460D9C}.Debug|x64.ActiveCfg = Debug|x64
		{FCE0D529-C2EA-483F-A67B-7B98AB460D9C}.Debug|x64.Build.0 = Debug|x64
		{FCE0D529-C2EA-483F-A67B-7B98AB460D9C}.Debug|x86.ActiveCfg = Debug|Win32
		{FCE0D529-C2EA-483F-A67B-7B98AB460D9C}.Debug|x86.Build.0 = Debug|Win32
		{FCE0D529-C2EA-483F-A67B-7B98AB460D9C}.Release|x64.ActiveCfg = Release|x64
		{FCE0D529-C2EA-483F-A67B-7B98AB460D9C}.Release|x64.Build.0 = Release|x64
		{FCE0D529-C2EA-483F-A67B-7B98AB460D9C}.Release|x86.ActiveCfg = Release|Win32
		{FCE0D529-C2EA-483F-A67B-7B98AB460D9C}.Release|x86.Build.0 = Release|Win32
		{410166A4-BBB6-4239-A175-2D3D862031CA}.Debug|x64.ActiveCfg = Debug|x64
		{410166A4-BBB6-4239-A175-2D3D862031CA}.Debug|x64.Build.0 = Debug|x64
		{410166A4-BBB6-4239-A175-2D3D862031CA}.Debug|x86.ActiveCfg = Debug|Win32
		{410166A4-BBB6-4239-A175-2D3D862031CA}.Debug|x86.Build.0 = Debug|Win32
		{410166A4-BBB6-4239-A175-2D3D862031CA}.Release|x64.ActiveCfg = Release|x64
		{410166A4-BBB6-4239-A175-2D3D862031CA}.Release|x64.Build.0 = Release|x64
		{410166A4-BBB6-4239-A175-2D3D862031CA}.Release|x86.ActiveCfg = Release|Win32
		{410166A4-BBB6-4239-A175-2D3D862031CA}.Release|x86.Build.0 = Release|Win32
		{4197581C-68AD-4793-952F-7E6B98EA9835}.Debug|x64.ActiveCfg = Debug|x64
		{4197581C-68AD-4793-952F-7E6B98EA9835}.Debug|x64.Build.0 = Debug|x64
		{4197581C-68AD-4793-952F-7E6B98EA9835}.Debug|x86.ActiveCfg = Debug|Win32
		{4197581C-68AD-4793-952F-7E6B98EA9835}.Debug|x86.Build.0 = Debug|Win32
		{4197581C-68AD-4793-952F-7E6B98EA9835}.Release|x64.ActiveCfg = Release|x64
		{4197581C-68AD-4793-952F-7E6B98EA9835}.Release|x64.Build.0 = Release|x64
		{4197581C-68AD-4793-952F-7E6B98EA9835}.Release|x86.ActiveCfg = Release|Win32
		{4197581C-68AD-4793-952F-7E6B98EA9835}.Release|x86.Build.0 = Release|Win32
		{72254D9E-594A-4B6D-99C7-FE837E4A57BF}.Debug|x64.ActiveCfg = Debug|x64
		{72254D9E-594A-4B6D-99C7-FE837E4A57BF}.Debug|x64.Build.0 = Debug|x64
		{72254D9E-594A-4B6D-99C7-FE837E4A57BF}.Debug|x86.ActiveCfg = Debug|Win32
		{72254D9E-594A-4B6D-99C7-FE837E4A57BF}.Debug|x86.Build.0 = Debug|Win32
		{72254D9E-594A-4B6D-99C7-FE837E4A57BF}.Release|x64.ActiveCfg = Release|x64
		{72254D9E-594A-4B6D-99C7-FE837E4A57BF}.Release|x64.Build.0 = Release|x64
		{72254D9E-594A-4B6D-99C7-FE837E4A57BF}.Release|x86.ActiveCfg = Release|Win32
		{72254D9E-594A-4B6D-99C7-FE837E4A57BF}.Release|x86.Build.0 = Release|Win32
		{8C63AAA7-B5B8-4320-B45C-608A82E36C3C}.Debug|x64.ActiveCfg = Debug|x64
		{8C63AAA7-B5B8-4320-B45C-608A82E36C3C}.Debug|x64.Build.0 = Debug|x64
		{8C63AAA7-B5B8-4320-B45C-608A82E36C3C}.Debug|x86.ActiveCfg = Debug|Win32
		{8C63AAA7-B5B8-4320-B45C-608A82E36C3C}.Debug|x86.Build.0 = Debug|Win32
		{8C63AAA7-B5B8-4320-B45C-608A82E36C3C}.Release|x64.ActiveCfg = Release|x64
		{8C63AAA7-B5B8-4320-B45C-608A82E36C3C}.Release|x64.Build.0 = Release|x64
		{8C63AAA7-B5B8-4320-B45C-608A82E36C3C}.Release|x86.ActiveCfg = Release|Win32
		{8C63AAA7-B5B8-4320-B45C-608A82E36C3C}.Release|x86.Build.0 = Release|Win32
		{475A1F37-EF6A-49E1-A10E-5F0A03B4D316}.Debug|x64.ActiveCfg = Debug|x64
		{475A1F37-EF6A-49E1-A10E-5F0A03B4D316}.Debug|x64.Build.0 = Debug|x64
		{475A1F37-EF6A-49E1-A10E-5F0A03B4D316}.Debug|x86.ActiveCfg = Debug|Win32
		{475A1F37-EF6A-49E1-A10E-5F0A03B4D316}.Debug|x86.Build.0 = Debug|Win32
		{475A1F37-EF6A-49E1-A10E-5F0A03B4D316}.Release|x64.ActiveCfg = Release|x64
		{475A1F37-EF6A-49E1-A10E-5F0A03B4D316}.Release|x64.Build.0 = Release|x64
		{475A1F37-EF6A-49E1-A10E-5F0A03B4D316}.Release|x86.ActiveCfg = Release|Win32
		{475A1F37-EF6A-49E1-A10E-5F0A03B4D316}.Release|x86.Build.0 = Release|Win32
		{6551B68B-D60B-4CF2-86E0-A129ACB20045}.Debug|x64.ActiveCfg = Debug|x64
		{6551B68B-D60B-4CF2-86E0-A129ACB20045}.Debug|x64.Build.0 = Debug|x64
		{6551B68B-D60B-4CF2-86E0-A129ACB20045}.Debug|x86.ActiveCfg = Debug|Win32
		{6551B68B-D60B-4CF2-86E0-A129ACB20045}.Debug|x86.Build.0 = Debug|Win32
		{6551B68B-D60B-4CF2-86E0-A129ACB20045}.Release|x64.ActiveCfg = Release|x64
		{6551B68B-D60B-4CF2-86E0-A129ACB20045}.Release|x64.Build.0 = Release|x64
		{6551B68B-D60B-4CF2-86E0-A129ACB20045}.Release|x86.ActiveCfg = Release|Win32
		{6551B68B-D60B-4CF2-86E0-A129ACB20045}.Release|x86.Build.0 = Release|Win32
		{432E9E61-DFCA-4162-AFA6-15FEFF2A0870}.Debug|x64.ActiveCfg = Debug|x64
		{432E9E61-DFCA-4162-AFA6-15FEFF2A0870}.Debug|x64.Build.0 = Debug|x64
		{432E9E61-DFCA-4162-AFA6-15FEFF2A0870}.Debug|x86.ActiveCfg = Debug|Win32
		{432E9E61-DFCA-4162-AFA6-15FEFF2A0870}.Debug|x86.Build.0 = Debug|Win32
		{432E9E61-DFCA-4162-AFA6-15FEFF2A0870}.Release|x64.ActiveCfg = Release|x64
		{432E9E61-DFCA-4162-AFA6-15FEFF2A0870}.Release|x64.Build.0 = Release|x64
		{432E9E61-DFCA-4162-AFA6-15FEFF2A0870}.Release|x86.ActiveCfg = Release|Win32
		{432E9E61-DFCA-4162-AFA6-15FEFF2A0870}.Release|x86.Build.0 = Release|Win32
		{0B6B9391-5818-45EC-BD72-29304EE24958}.Debug|x64.ActiveCfg = Debug|x64
		{0B6B9391-5818-45EC-BD72-29304EE24958}.Debug|x64.Build.0 = Debug|x64
		{0B6B9391-5818-45EC-BD72-29304EE24958}.Debug|x86.ActiveCfg = Debug|Win32
		{0B6B9391-5818-45EC-BD72-29304EE24958}.Debug|x86.Build.0 = Debug|Win32
		{0B6B9391-5818-45EC-BD72-29304EE24958}.Release|x64.ActiveCfg = Release|x64
		{0B6B9391-5818-45EC-BD72-29304EE24958}.Release|x64.Build.0 = Release|x64
		{0B6B9391-5818-45EC-BD72-29304EE24958}.Release|x86.ActiveCfg = Release|Win32
		{0B6B9391-5818-45EC-BD72-29304EE24958}.Release|x86.Build.0 = Release|Win32
		{A6D15896-925C-4A7D-B33B-D57162148064}.Debug|x64.ActiveCfg = Debug|x64
		{A6D15896-925C-4A7D-B33B-D57162148064}.Debug|x64.Build.0 = Debug|x64
		{A6D15896-925C-4A7D-B33B-D57162148064}.Debug|x86.ActiveCfg = Debug|Win32
		{A6D15896-925C-4A7D-B33B-D57162148064}.Debug|x86.Build.0 = Debug|Win32
		{A6D15896-925C-4A7D-B33B-D57162148064}.Release|x64.ActiveCfg = Release|x64
		{A6D15896-925C-4A7D-B33B-D57162148064}.Release|x64.Build.0 = Release|x64
		{A6D15896-925C-4A7D-B33B-D57162148064}.Release|x86.ActiveCfg = Release|Win32
		{A6D15896-925C-4A7D-B33B-D57162148064}.Release|x86.Build.0 = Release|Win32
		{27D90D71-A449-4681-8BFF-4CFA11691D5D}.Debug|x64.ActiveCfg = Debug|x64
		{27D90D71-A449-4681-8BFF-4CFA11691D5D}.Debug|x64.Build.0 = Debug|x64
		{27D90D71-A449-4681-8BFF-4CFA11691D5D}.Debug|x86.ActiveCfg = Debug|Win32
		{27D90D71-A449-4681-8BFF-4CFA11691D5D}.Debug|x86.Build.0 = Debug|Win32
		{27D90D71-A449-4681-8BFF-4CFA11691D5D}.Release|x64.ActiveCfg = Release|x64
		{27D90D71-A449-4681-8BFF-4CFA11691D5D}.Release|x64.Build.0 = Release|x64
		{27D90D71-A449-4681-8BFF-4CFA11691D5D}.Release|x86.ActiveCfg = Release|Win32
		{27D90D71-A449-4681-8BFF-4CFA11691D5D}.Release|x86.Build.0 = Release|Win32
		{59296527-55A1-4F5A-8FC1-9631EAB149C2}.Debug|x64.ActiveCfg = Debug|x64
		{59296527-55A1-4F5A-8FC1-9631EAB149C2}.Debug|x64.Build.0 = Debug|x64
		{59296527-55A1-4F5A-8FC1-9631EAB149C2}.Debug|x86.ActiveCfg = Debug|Win32
		{59296527-55A1-4F5A-8FC1-9631EAB149C2}.Debug|x86.Build.0 = Debug|Win32
		{59296527-55A1-4F5A-8FC1-9631EAB149C2}.Release|x64.ActiveCfg = Release|x64
		{59296527-55A1-4F5A-8FC1-9631EAB149C2}.Release|x64.Build.0 = Release|x64
		{59296527-55A1-4F5A-8FC1-9631EAB149C2}.Release|x86.ActiveCfg = Release|Win32
		{59296527-55A1-4F5A-8FC1-9631EAB149C2}.Release|x86.Build.0 = Release|Win32
		{3B832956-B860-4728-8399-E8194D1DA465}.Debug|x64.ActiveCfg = Debug|x64
		{3B832956-B860-4728-8399-E8194D1DA465}.Debug|x64.Build.0 = Debug|x64
		{3B832956-B860-4728-8399-E8194D1DA465}.Debug|x86.ActiveCfg = Debug|Win32
		{3B832956-B860-4728-8399-E8194D1DA465}.Debug|x86.Build.0 = Debug|Win32
		{3B832956-B860-4728-8399-E8194D1DA465}.Release|x64.ActiveCfg = Release|x64
		{3B832956-B860-4728-8399-E8194D1DA465}.Release|x64.Build.0 = Release|x64
		{3B832956-B860-4728-8399-E8194D1DA465}.Release|x86.ActiveCfg = Release|Win32
		{3B832956-B860-4728-8399-E8194D1DA465}.Release|x86.Build.0 = Release|Win32
		{75EE2C4F-344E-469D-A694-82FC739CF112}.Debug|x64.ActiveCfg = Debug|x64
		{75EE2C4F-344E-469D-A694-82FC739CF112}.Debug|x64.Build.0 = Debug|x64
		{75EE2C4F-344E-469D-A694-82FC739CF112}.Debug|x86.ActiveCfg = Debug|Win32
		{75EE2C4F-344E-469D-A694-82FC739CF112}.Debug|x86.Build.0 = Debug|Win32
		{75EE2C4F-344E-469D-A694-82FC739CF112}.Release|x64.ActiveCfg = Release|x64
		{75EE2C4F-344E-469D-A694-82FC739CF112}.Release|x64.Build.0 = Release|x64
		{75EE2C4F-344E-469D-A694-82FC739CF112}.Release|x86.ActiveCfg = Release|Win32
		{75EE2C4F-344E-469D-A694-82FC739CF112}.Release|x86.Build.0 = Release|Win32
		{CD6F2AA6-1707-45E7-AA7D-FFED69ABDEC4}.Debug|x64.ActiveCfg = Debug|x64
		{CD6F2AA6-1707-45E7-AA7D-FFED69ABDEC4}.Debug|x64.Build.0 = Debug|x64
		{CD6F2AA6-1707-45E7-AA7D-FFED69ABDEC4}.Debug|x86.ActiveCfg = Debug|Win32
		{CD6F2AA6-1707-45E7-AA7D-FFED69ABDEC4}.Debug|x86.Build.0 = Debug|Win32
		{CD6F2AA6-1707-45E7-AA7D-FFED69ABDEC4}.Release|x64.ActiveCfg = Release|x64
		{CD6F2AA6-1707-45E7-AA7D-FFED69ABDEC4}.Release|x64.Build.0 = Release|x64
		{CD6F2AA6-1707-45E7-AA7D-FFED69ABDEC4}.Release|x86.ActiveCfg = Release|Win32
		{CD6F2AA6-1707-45E7-AA7D-FFED69ABDEC4}.Release|x86.Build.0 = Release|Win32
		{350AD435-CB8E-4094-BA81-27376EB35BF7}.Debug|x64.ActiveCfg = Debug|x64
		{350AD435-CB8E-4094-BA81-27376EB35BF7}.Debug|x64.Build.0 = Debug|x64
		{350AD435-CB8E-4094-BA81-27376EB35BF7}.Debug|x86.ActiveCfg = Debug|Win32
		{350AD435-CB8E-4094-BA81-27376EB35BF7}.Debug|x86.Build.0 = Debug|Win32
		{350AD435-CB8E-4094-BA81-27376EB35BF7}.Release|x64.ActiveCfg = Release|x64
		{350AD435-CB8E-4094-BA81-27376EB35BF7}.Release|x64.Build.0 = Release|x64
		{350AD435-CB8E-4094-BA81-27376EB35BF7}.Release|x86.ActiveCfg = Release|Win32
		{350AD435-CB8E-4094-BA81-27376EB35BF7}.Release|x86.Build.0 = Release|Win32
		{08E1B1DA-0DF2-4ABB-AFD3-D69C2BF8CD59}.Debug|x64.ActiveCfg = Debug|x64
		{08E1B1DA-0DF2-4ABB-AFD3-D69C2BF8CD59}.Debug|x64.Build.0 = Debug|x64
		{08E1B1DA-0DF2-4ABB-AFD3-D69C2BF8CD59}.Debug|x86.ActiveCfg = Debug|Win32
		{08E1B1DA-0DF2-4ABB-AFD3-D69C2BF8CD59}.Debug|x86.Build.0 = Debug|Win32
		{08E1B1DA-0DF2-4ABB-AFD3-D69C2BF8CD59}.Release|x64.ActiveCfg = Release|x64
		{08E1B1DA-0DF2-4ABB-AFD3-D69C2BF8CD59}.Release|x64.Build.0 = Release|x64
		{08E1B1DA-0DF2-4ABB-AFD3-D69C2BF8CD59}.Release|x86.ActiveCfg = Release|Win32
		{08E1B1DA-0DF2-4ABB-AFD3-D69C2BF8CD59}.Release|x86.Build.0 = Release|Win32
		{49478ACB-7CE8-4E8D-B2D3-673A3CA22FD4}.Debug|x64.ActiveCfg = Debug|x64
		{49478ACB-7CE8-4E8D-B2D3-673A3CA22FD4}.Debug|x64.Build.0 = Debug|x64
		{49478ACB-7CE8-4E8D-B2D3-673A3CA22FD4}.Debug|x86.ActiveCfg = Debug|Win32
		{49478ACB-7CE8-4E8D-B2D3-673A3CA22FD4}.Debug|x86.Build.0 = Debug|Win32
		{49478ACB-7CE8-4E8D-B2D3-673A3CA22FD4}.Release|x64.ActiveCfg = Release|x64
		{49478ACB-7CE8-4E8D-B2D3-673A3CA22FD4}.Release|x64.Build.0 = Release|x64
		{49478ACB-7CE8-4E8D-B2D3-673A3CA22FD4}.Release|x86.ActiveCfg = Release|Win32
		{49478ACB-7CE8-4E8D-B2D3-673A3CA22FD4}.Release|x86.Build.0 = Release|Win32
		{50E35F47-EB8C-4790-997A-E43023DECCAC}.Debug|x64.ActiveCfg = Debug|x64
		{50E35F47-EB8C-4790-997A-E43023DECCAC}.Debug|x64.Build.0 = Debug|x64
		{50E35F47-EB8C-4790-997A-E43023DECCAC}.Debug|x86.ActiveCfg = Debug|Win32
		{50E35F47-EB8C-4790-997A-E43023DECCAC}.Debug|x86.Build.0 = Debug|Win32
		{50E35F47-EB8C-4790-997A-E43023DECCAC}.Release|x64.ActiveCfg = Release|x64
		{50E35F47-EB8C-4790-997A-E43023DECCAC}.Release|x64.Build.0 = Release|x64
		{50E35F47-EB8C-4790-997A-E43023DECCAC}.Release|x86.ActiveCfg = Release|Win32
		{50E35F47-EB8C-4790-997A-E43023DECCAC}.Release|x86.Build.0 = Release|Win32
	EndGlobalSection
	GlobalSection(SolutionProperties) = preSolution
		HideSolutionNode = FALSE
	EndGlobalSection
	GlobalSection(ExtensibilityGlobals) = postSolution
		SolutionGuid = {778F47DC-0617-48B8-BCAD-8EDEB8B8EE59}
	EndGlobalSection
EndGlobal
